
Microsoft Visual Studio Solution File, Format Version 12.00
# Visual Studio Version 17
VisualStudioVersion = 17.1.32210.238
MinimumVisualStudioVersion = 10.0.40219.1
Project("{FAE04EC0-301F-11D3-BF4B-00C04F79EFBC}") = "PROJE1OKULKAYIT", "PROJE1OKULKAYIT\PROJE1OKULKAYIT.csproj", "{55DA6FFB-5833-44ED-AD2A-F045D7FC724D}"
EndProject
Global
	GlobalSection(SolutionConfigurationPlatforms) = preSolution
		Debug|Any CPU = Debug|Any CPU
		Release|Any CPU = Release|Any CPU
	EndGlobalSection
	GlobalSection(ProjectConfigurationPlatforms) = postSolution
		{55DA6FFB-5833-44ED-AD2A-F045D7FC724D}.Debug|Any CPU.ActiveCfg = Debug|Any CPU
		{55DA6FFB-5833-44ED-AD2A-F045D7FC724D}.Debug|Any CPU.Build.0 = Debug|Any CPU
		{55DA6FFB-5833-44ED-AD2A-F045D7FC724D}.Release|Any CPU.ActiveCfg = Release|Any CPU
		{55DA6FFB-5833-44ED-AD2A-F045D7FC724D}.Release|Any CPU.Build.0 = Release|Any CPU
	EndGlobalSection
	GlobalSection(SolutionProperties) = preSolution
		HideSolutionNode = FALSE
	EndGlobalSection
	GlobalSection(ExtensibilityGlobals) = postSolution
		SolutionGuid = {FD1DD132-D147-491B-93B1-13A4445AC5BD}
	EndGlobalSection
EndGlobal
